{
  "requires": true,
  "lockfileVersion": 1,
  "dependencies": {
    "2kenizer": {
      "version": "0.1.6",
      "resolved": "https://registry.npmjs.org/2kenizer/-/2kenizer-0.1.6.tgz",
      "integrity": "sha1-pMxSY4lK7eyZVJOvdzX4eHL2s5A="
    },
    "node-php-server": {
      "version": "0.1.2",
      "resolved": "https://registry.npmjs.org/node-php-server/-/node-php-server-0.1.2.tgz",
      "integrity": "sha1-ExoFCdYDrs4y+P3kEvUrnEriZig=",
      "requires": {
        "open": "0.0.5"
      }
    },
    "open": {
      "version": "0.0.5",
      "resolved": "https://registry.npmjs.org/open/-/open-0.0.5.tgz",
      "integrity": "sha1-QsPhjslUZra/DcQvOilFw/DK2Pw="
    },
    "php": {
      "version": "0.0.1",
      "resolved": "https://registry.npmjs.org/php/-/php-0.0.1.tgz",
      "integrity": "sha1-34jsnHrdkUaxV43RjrMPuSnLwsw=",
      "requires": {
        "2kenizer": "0.1.6",
        "sjs": "0.0.3"
      }
    },
    "sjs": {
      "version": "0.0.3",
      "resolved": "https://registry.npmjs.org/sjs/-/sjs-0.0.3.tgz",
      "integrity": "sha1-OMsQHPvle39qrucAYtW1n4+bAnM=",
      "requires": {
        "2kenizer": "0.1.6"
      }
    }
  }
}
